
Microsoft Visual Studio Solution File, Format Version 12.00
# Visual Studio Version 16
VisualStudioVersion = 16.0.29613.14
MinimumVisualStudioVersion = 10.0.40219.1
Project("{FAE04EC0-301F-11D3-BF4B-00C04F79EFBC}") = "WebAppIdCheck", "WebAppIdCheck\WebAppIdCheck.csproj", "{7DF19DAF-F2A8-4CAA-9FEA-8B03DD67D67C}"
EndProject
Global
	GlobalSection(SolutionConfigurationPlatforms) = preSolution
		Debug|Any CPU = Debug|Any CPU
		Release|Any CPU = Release|Any CPU
	EndGlobalSection
	GlobalSection(ProjectConfigurationPlatforms) = postSolution
		{7DF19DAF-F2A8-4CAA-9FEA-8B03DD67D67C}.Debug|Any CPU.ActiveCfg = Debug|Any CPU
		{7DF19DAF-F2A8-4CAA-9FEA-8B03DD67D67C}.Debug|Any CPU.Build.0 = Debug|Any CPU
		{7DF19DAF-F2A8-4CAA-9FEA-8B03DD67D67C}.Release|Any CPU.ActiveCfg = Release|Any CPU
		{7DF19DAF-F2A8-4CAA-9FEA-8B03DD67D67C}.Release|Any CPU.Build.0 = Release|Any CPU
	EndGlobalSection
	GlobalSection(SolutionProperties) = preSolution
		HideSolutionNode = FALSE
	EndGlobalSection
	GlobalSection(ExtensibilityGlobals) = postSolution
		SolutionGuid = {A52F6B12-74BA-4E9B-8CE7-9B5794561DB9}
	EndGlobalSection
EndGlobal
